PODS:
  - AFNetworking (3.1.0):
    - AFNetworking/NSURLSession (= 3.1.0)
    - AFNetworking/Reachability (= 3.1.0)
    - AFNetworking/Security (= 3.1.0)
    - AFNetworking/Serialization (= 3.1.0)
    - AFNetworking/UIKit (= 3.1.0)
  - AFNetworking/NSURLSession (3.1.0):
    - AFNetworking/Reachability
    - AFNetworking/Security
    - AFNetworking/Serialization
  - AFNetworking/Reachability (3.1.0)
  - AFNetworking/Security (3.1.0)
  - AFNetworking/Serialization (3.1.0)
  - AFNetworking/UIKit (3.1.0):
    - AFNetworking/NSURLSession
  - JSONModel (1.2.0)
  - Masonry (1.0.0)
  - MJRefresh (3.1.0)
  - NJKWebViewProgress (0.2.3):
    - NJKWebViewProgress/Core (= 0.2.3)
    - NJKWebViewProgress/ProgressView (= 0.2.3)
  - NJKWebViewProgress/Core (0.2.3)
  - NJKWebViewProgress/ProgressView (0.2.3)

DEPENDENCIES:
  - AFNetworking
  - JSONModel
  - Masonry
  - MJRefresh
  - NJKWebViewProgress

SPEC CHECKSUMS:
  AFNetworking: 5e0e199f73d8626b11e79750991f5d173d1f8b67
  JSONModel: 12523685c4b623553ccf844bbbf7007624317b2c
  Masonry: b529bb169217897b6354d4b56b1fada6d475b13d
  MJRefresh: 743e6404967d1c2c688472ea3ecfde247d872db4
  NJKWebViewProgress: f481fd424cb5ecc27eacae11b5397db92fba9a4d

PODFILE CHECKSUM: 20cd54a660898c7bc0a79ebb222791df128ec010

COCOAPODS: 1.0.0
